
Microsoft Visual Studio Solution File, Format Version 12.00
# Visual Studio 2012
Project("{8BC9CEB8-8B4A-11D0-8D11-00A0C91BC942}") = "FaceDetectAlignment_3000fps", "FaceDetectAlignment_3000fps.vcxproj", "{80BB629A-733E-45AA-8CC5-54D7A2A4E51E}"
EndProject
Global
	GlobalSection(SolutionConfigurationPlatforms) = preSolution
		Debug|Win32 = Debug|Win32
		Release|Win32 = Release|Win32
	EndGlobalSection
	GlobalSection(ProjectConfigurationPlatforms) = postSolution
		{80BB629A-733E-45AA-8CC5-54D7A2A4E51E}.Debug|Win32.ActiveCfg = Debug|Win32
		{80BB629A-733E-45AA-8CC5-54D7A2A4E51E}.Debug|Win32.Build.0 = Debug|Win32
		{80BB629A-733E-45AA-8CC5-54D7A2A4E51E}.Release|Win32.ActiveCfg = Release|Win32
		{80BB629A-733E-45AA-8CC5-54D7A2A4E51E}.Release|Win32.Build.0 = Release|Win32
	EndGlobalSection
	GlobalSection(SolutionProperties) = preSolution
		HideSolutionNode = FALSE
	EndGlobalSection
EndGlobal
